
Microsoft Visual Studio Solution File, Format Version 12.00
# Visual Studio Version 16
VisualStudioVersion = 25.0.1706.0
MinimumVisualStudioVersion = 10.0.40219.1
Project("{FAE04EC0-301F-11D3-BF4B-00C04F79EFBC}") = "Lab03-Review", "Lab03-Review\Lab03-Review.csproj", "{9252BF7F-4825-4AD0-95FD-B38F98DAAD0F}"
EndProject
Global
	GlobalSection(SolutionConfigurationPlatforms) = preSolution
		Debug|Any CPU = Debug|Any CPU
		Release|Any CPU = Release|Any CPU
	EndGlobalSection
	GlobalSection(ProjectConfigurationPlatforms) = postSolution
		{9252BF7F-4825-4AD0-95FD-B38F98DAAD0F}.Debug|Any CPU.ActiveCfg = Debug|Any CPU
		{9252BF7F-4825-4AD0-95FD-B38F98DAAD0F}.Debug|Any CPU.Build.0 = Debug|Any CPU
		{9252BF7F-4825-4AD0-95FD-B38F98DAAD0F}.Release|Any CPU.ActiveCfg = Release|Any CPU
		{9252BF7F-4825-4AD0-95FD-B38F98DAAD0F}.Release|Any CPU.Build.0 = Release|Any CPU
	EndGlobalSection
	GlobalSection(SolutionProperties) = preSolution
		HideSolutionNode = FALSE
	EndGlobalSection
	GlobalSection(ExtensibilityGlobals) = postSolution
		SolutionGuid = {6466877E-0785-4FC2-BFC1-C850E9DD05F3}
	EndGlobalSection
EndGlobal
